
Microsoft Visual Studio Solution File, Format Version 12.00
# Visual Studio Version 16
VisualStudioVersion = 16.0.31105.61
MinimumVisualStudioVersion = 10.0.40219.1
Project("{8BC9CEB8-8B4A-11D0-8D11-00A0C91BC942}") = "BST", "BST\BST.vcxproj", "{466A59D6-988C-4AEC-AB29-4D737C86AC0C}"
EndProject
Project("{8BC9CEB8-8B4A-11D0-8D11-00A0C91BC942}") = "Vector", "Vector\Vector.vcxproj", "{6289C66F-A4A6-491C-9A00-DB363147E596}"
EndProject
Project("{2150E333-8FDC-42A3-9474-1A3956D46DE8}") = "DS", "DS", "{CCF3D679-0EDA-474E-95A0-FC0B535F3526}"
EndProject
Project("{8BC9CEB8-8B4A-11D0-8D11-00A0C91BC942}") = "DFS_Graph", "DFS_Graph\DFS_Graph.vcxproj", "{01C467C5-4E1B-43F1-9231-2975BBD8919E}"
EndProject
Global
	GlobalSection(SolutionConfigurationPlatforms) = preSolution
		Debug|x64 = Debug|x64
		Debug|x86 = Debug|x86
		Release|x64 = Release|x64
		Release|x86 = Release|x86
	EndGlobalSection
	GlobalSection(ProjectConfigurationPlatforms) = postSolution
		{466A59D6-988C-4AEC-AB29-4D737C86AC0C}.Debug|x64.ActiveCfg = Debug|x64
		{466A59D6-988C-4AEC-AB29-4D737C86AC0C}.Debug|x64.Build.0 = Debug|x64
		{466A59D6-988C-4AEC-AB29-4D737C86AC0C}.Debug|x86.ActiveCfg = Debug|Win32
		{466A59D6-988C-4AEC-AB29-4D737C86AC0C}.Debug|x86.Build.0 = Debug|Win32
		{466A59D6-988C-4AEC-AB29-4D737C86AC0C}.Release|x64.ActiveCfg = Release|x64
		{466A59D6-988C-4AEC-AB29-4D737C86AC0C}.Release|x64.Build.0 = Release|x64
		{466A59D6-988C-4AEC-AB29-4D737C86AC0C}.Release|x86.ActiveCfg = Release|Win32
		{466A59D6-988C-4AEC-AB29-4D737C86AC0C}.Release|x86.Build.0 = Release|Win32
		{6289C66F-A4A6-491C-9A00-DB363147E596}.Debug|x64.ActiveCfg = Debug|x64
		{6289C66F-A4A6-491C-9A00-DB363147E596}.Debug|x64.Build.0 = Debug|x64
		{6289C66F-A4A6-491C-9A00-DB363147E596}.Debug|x86.ActiveCfg = Debug|Win32
		{6289C66F-A4A6-491C-9A00-DB363147E596}.Debug|x86.Build.0 = Debug|Win32
		{6289C66F-A4A6-491C-9A00-DB363147E596}.Release|x64.ActiveCfg = Release|x64
		{6289C66F-A4A6-491C-9A00-DB363147E596}.Release|x64.Build.0 = Release|x64
		{6289C66F-A4A6-491C-9A00-DB363147E596}.Release|x86.ActiveCfg = Release|Win32
		{6289C66F-A4A6-491C-9A00-DB363147E596}.Release|x86.Build.0 = Release|Win32
		{01C467C5-4E1B-43F1-9231-2975BBD8919E}.Debug|x64.ActiveCfg = Debug|x64
		{01C467C5-4E1B-43F1-9231-2975BBD8919E}.Debug|x64.Build.0 = Debug|x64
		{01C467C5-4E1B-43F1-9231-2975BBD8919E}.Debug|x86.ActiveCfg = Debug|Win32
		{01C467C5-4E1B-43F1-9231-2975BBD8919E}.Debug|x86.Build.0 = Debug|Win32
		{01C467C5-4E1B-43F1-9231-2975BBD8919E}.Release|x64.ActiveCfg = Release|x64
		{01C467C5-4E1B-43F1-9231-2975BBD8919E}.Release|x64.Build.0 = Release|x64
		{01C467C5-4E1B-43F1-9231-2975BBD8919E}.Release|x86.ActiveCfg = Release|Win32
		{01C467C5-4E1B-43F1-9231-2975BBD8919E}.Release|x86.Build.0 = Release|Win32
	EndGlobalSection
	GlobalSection(SolutionProperties) = preSolution
		HideSolutionNode = FALSE
	EndGlobalSection
	GlobalSection(NestedProjects) = preSolution
		{466A59D6-988C-4AEC-AB29-4D737C86AC0C} = {CCF3D679-0EDA-474E-95A0-FC0B535F3526}
		{6289C66F-A4A6-491C-9A00-DB363147E596} = {CCF3D679-0EDA-474E-95A0-FC0B535F3526}
	EndGlobalSection
	GlobalSection(ExtensibilityGlobals) = postSolution
		SolutionGuid = {E5B602E2-0F2B-449C-997B-8C9A160398B4}
	EndGlobalSection
EndGlobal
